
Microsoft Visual Studio Solution File, Format Version 12.00
# Visual Studio Version 17
VisualStudioVersion = 17.8.34330.188
MinimumVisualStudioVersion = 10.0.40219.1
Project("{9A19103F-16F7-4668-BE54-9A1E7A4F7556}") = "TechCareerWebApiTutorial", "TechCareerWebApiTutorial\TechCareerWebApiTutorial.csproj", "{384D35BA-76CC-400F-83B8-90AB9361F9CE}"
EndProject
Project("{FAE04EC0-301F-11D3-BF4B-00C04F79EFBC}") = "TechCareerOdev5", "Odev-5\TechCareerOdev5.csproj", "{0C40C315-C799-4F6E-AC83-C4A837008436}"
EndProject
Global
	GlobalSection(SolutionConfigurationPlatforms) = preSolution
		Debug|Any CPU = Debug|Any CPU
		Release|Any CPU = Release|Any CPU
	EndGlobalSection
	GlobalSection(ProjectConfigurationPlatforms) = postSolution
		{384D35BA-76CC-400F-83B8-90AB9361F9CE}.Debug|Any CPU.ActiveCfg = Debug|Any CPU
		{384D35BA-76CC-400F-83B8-90AB9361F9CE}.Debug|Any CPU.Build.0 = Debug|Any CPU
		{384D35BA-76CC-400F-83B8-90AB9361F9CE}.Release|Any CPU.ActiveCfg = Release|Any CPU
		{384D35BA-76CC-400F-83B8-90AB9361F9CE}.Release|Any CPU.Build.0 = Release|Any CPU
		{0C40C315-C799-4F6E-AC83-C4A837008436}.Debug|Any CPU.ActiveCfg = Debug|Any CPU
		{0C40C315-C799-4F6E-AC83-C4A837008436}.Debug|Any CPU.Build.0 = Debug|Any CPU
		{0C40C315-C799-4F6E-AC83-C4A837008436}.Release|Any CPU.ActiveCfg = Release|Any CPU
		{0C40C315-C799-4F6E-AC83-C4A837008436}.Release|Any CPU.Build.0 = Release|Any CPU
	EndGlobalSection
	GlobalSection(SolutionProperties) = preSolution
		HideSolutionNode = FALSE
	EndGlobalSection
	GlobalSection(ExtensibilityGlobals) = postSolution
		SolutionGuid = {1C72A1CE-AAF0-4049-9098-38D7321F6093}
	EndGlobalSection
EndGlobal
